// !$*UTF8*$!
{
	archiveVersion = 1;
	classes = {
	};
	objectVersion = 48;
	objects = {

/* Begin PBXBuildFile section */
		44158C2020386DDD001C9B2E /* Images.xcassets in Resources */ = {isa = PBXBuildFile; fileRef = 44158C1F20386DDD001C9B2E /* Images.xcassets */; };
		4418BF2D203DAC7E00125819 /* testViewController.swift in Sources */ = {isa = PBXBuildFile; fileRef = 4418BF2C203DAC7E00125819 /* testViewController.swift */; };
		441F9438204F4BFF004CB6AC /* GoogleService-Info.plist in Resources */ = {isa = PBXBuildFile; fileRef = 441F9437204F4BFF004CB6AC /* GoogleService-Info.plist */; };
		442292DE2044E802000AEACD /* HandStrength.swift in Sources */ = {isa = PBXBuildFile; fileRef = 442292DD2044E802000AEACD /* HandStrength.swift */; };
		442D8112203B5E9B00721554 /* GameOverlay.swift in Sources */ = {isa = PBXBuildFile; fileRef = 442D8111203B5E9B00721554 /* GameOverlay.swift */; };
		442D8118203BB5CC00721554 /* Chips.swift in Sources */ = {isa = PBXBuildFile; fileRef = 442D8117203BB5CC00721554 /* Chips.swift */; };
		443E7C9C204F44810037B6CA /* LoginViewController.swift in Sources */ = {isa = PBXBuildFile; fileRef = 443E7C9B204F44810037B6CA /* LoginViewController.swift */; };
		446AFA4B203DD0E300EA2434 /* Player.swift in Sources */ = {isa = PBXBuildFile; fileRef = 446AFA4A203DD0E300EA2434 /* Player.swift */; };
		446AFA4D203DD0F600EA2434 /* GameLogic.swift in Sources */ = {isa = PBXBuildFile; fileRef = 446AFA4C203DD0F600EA2434 /* GameLogic.swift */; };
		446AFA5B203E385900EA2434 /* Assets.xcassets in Resources */ = {isa = PBXBuildFile; fileRef = 446AFA59203E385900EA2434 /* Assets.xcassets */; };
		44AD36ED203873BD00D3A0F8 /* Card.swift in Sources */ = {isa = PBXBuildFile; fileRef = 44AD36EC203873BD00D3A0F8 /* Card.swift */; };
		44AD36F32038C22700D3A0F8 /* SharedConstants.swift in Sources */ = {isa = PBXBuildFile; fileRef = 44AD36F22038C22700D3A0F8 /* SharedConstants.swift */; };
		44BA6480203868280037C175 /* AppDelegate.swift in Sources */ = {isa = PBXBuildFile; fileRef = 44BA647F203868280037C175 /* AppDelegate.swift */; };
		44BA6482203868280037C175 /* art.scnassets in Resources */ = {isa = PBXBuildFile; fileRef = 44BA6481203868280037C175 /* art.scnassets */; };
		44BA6484203868280037C175 /* GameViewController.swift in Sources */ = {isa = PBXBuildFile; fileRef = 44BA6483203868280037C175 /* GameViewController.swift */; };
		44BA6487203868280037C175 /* Main.storyboard in Resources */ = {isa = PBXBuildFile; fileRef = 44BA6485203868280037C175 /* Main.storyboard */; };
		44BA6489203868280037C175 /* Assets.xcassets in Resources */ = {isa = PBXBuildFile; fileRef = 44BA6488203868280037C175 /* Assets.xcassets */; };
		44BA648C203868280037C175 /* LaunchScreen.storyboard in Resources */ = {isa = PBXBuildFile; fileRef = 44BA648A203868280037C175 /* LaunchScreen.storyboard */; };
		44E2E9BA2039C2710084D933 /* Deck.swift in Sources */ = {isa = PBXBuildFile; fileRef = 44E2E9B92039C2710084D933 /* Deck.swift */; };
		491BB7C0D9B0CC69B020C541 /* Pods_Fischer_Holdem.framework in Frameworks */ = {isa = PBXBuildFile; fileRef = 9C8F9B6460323DDF355192C7 /* Pods_Fischer_Holdem.framework */; };
/* End PBXBuildFile section */

/* Begin PBXFileReference section */
		44158C1F20386DDD001C9B2E /* Images.xcassets */ = {isa = PBXFileReference; lastKnownFileType = folder.assetcatalog; path = Images.xcassets; sourceTree = "<group>"; };
		4418BF2C203DAC7E00125819 /* testViewController.swift */ = {isa = PBXFileReference; lastKnownFileType = sourcecode.swift; path = testViewController.swift; sourceTree = "<group>"; };
		441F9437204F4BFF004CB6AC /* GoogleService-Info.plist */ = {isa = PBXFileReference; fileEncoding = 4; lastKnownFileType = text.plist.xml; name = "GoogleService-Info.plist"; path = "../../../Downloads/GoogleService-Info.plist"; sourceTree = "<group>"; };
		441F9439204F81A9004CB6AC /* Fischer Holdem.entitlements */ = {isa = PBXFileReference; lastKnownFileType = text.plist.entitlements; path = "Fischer Holdem.entitlements"; sourceTree = "<group>"; };
		442292DD2044E802000AEACD /* HandStrength.swift */ = {isa = PBXFileReference; lastKnownFileType = sourcecode.swift; path = HandStrength.swift; sourceTree = "<group>"; };
		442D8111203B5E9B00721554 /* GameOverlay.swift */ = {isa = PBXFileReference; lastKnownFileType = sourcecode.swift; path = GameOverlay.swift; sourceTree = "<group>"; };
		442D8117203BB5CC00721554 /* Chips.swift */ = {isa = PBXFileReference; lastKnownFileType = sourcecode.swift; path = Chips.swift; sourceTree = "<group>"; };
		443E7C9B204F44810037B6CA /* LoginViewController.swift */ = {isa = PBXFileReference; lastKnownFileType = sourcecode.swift; path = LoginViewController.swift; sourceTree = "<group>"; };
		446AFA4A203DD0E300EA2434 /* Player.swift */ = {isa = PBXFileReference; lastKnownFileType = sourcecode.swift; path = Player.swift; sourceTree = "<group>"; };
		446AFA4C203DD0F600EA2434 /* GameLogic.swift */ = {isa = PBXFileReference; lastKnownFileType = sourcecode.swift; path = GameLogic.swift; sourceTree = "<group>"; };
		446AFA59203E385900EA2434 /* Assets.xcassets */ = {isa = PBXFileReference; lastKnownFileType = folder.assetcatalog; path = Assets.xcassets; sourceTree = "<group>"; };
		44AD36EC203873BD00D3A0F8 /* Card.swift */ = {isa = PBXFileReference; lastKnownFileType = sourcecode.swift; path = Card.swift; sourceTree = "<group>"; };
		44AD36F22038C22700D3A0F8 /* SharedConstants.swift */ = {isa = PBXFileReference; lastKnownFileType = sourcecode.swift; path = SharedConstants.swift; sourceTree = "<group>"; };
		44BA647C203868280037C175 /* Fischer Holdem.app */ = {isa = PBXFileReference; explicitFileType = wrapper.application; includeInIndex = 0; path = "Fischer Holdem.app"; sourceTree = BUILT_PRODUCTS_DIR; };
		44BA647F203868280037C175 /* AppDelegate.swift */ = {isa = PBXFileReference; lastKnownFileType = sourcecode.swift; path = AppDelegate.swift; sourceTree = "<group>"; };
		44BA6481203868280037C175 /* art.scnassets */ = {isa = PBXFileReference; lastKnownFileType = wrapper.scnassets; path = art.scnassets; sourceTree = "<group>"; };
		44BA6483203868280037C175 /* GameViewController.swift */ = {isa = PBXFileReference; lastKnownFileType = sourcecode.swift; path = GameViewController.swift; sourceTree = "<group>"; };
		44BA6486203868280037C175 /* Base */ = {isa = PBXFileReference; lastKnownFileType = file.storyboard; name = Base; path = Base.lproj/Main.storyboard; sourceTree = "<group>"; };
		44BA6488203868280037C175 /* Assets.xcassets */ = {isa = PBXFileReference; lastKnownFileType = folder.assetcatalog; path = Assets.xcassets; sourceTree = "<group>"; };
		44BA648B203868280037C175 /* Base */ = {isa = PBXFileReference; lastKnownFileType = file.storyboard; name = Base; path = Base.lproj/LaunchScreen.storyboard; sourceTree = "<group>"; };
		44BA648D203868280037C175 /* Info.plist */ = {isa = PBXFileReference; lastKnownFileType = text.plist.xml; path = Info.plist; sourceTree = "<group>"; };
		44E2E9B92039C2710084D933 /* Deck.swift */ = {isa = PBXFileReference; lastKnownFileType = sourcecode.swift; path = Deck.swift; sourceTree = "<group>"; };
		9C8F9B6460323DDF355192C7 /* Pods_Fischer_Holdem.framework */ = {isa = PBXFileReference; explicitFileType = wrapper.framework; includeInIndex = 0; path = Pods_Fischer_Holdem.framework; sourceTree = BUILT_PRODUCTS_DIR; };
		DCA094C7FB82EB6A5339D051 /* Pods-Fischer Holdem.release.xcconfig */ = {isa = PBXFileReference; includeInIndex = 1; lastKnownFileType = text.xcconfig; name = "Pods-Fischer Holdem.release.xcconfig"; path = "Pods/Target Support Files/Pods-Fischer Holdem/Pods-Fischer Holdem.release.xcconfig"; sourceTree = "<group>"; };
		F2E68875C6C18EF6A5BAFA1C /* Pods-Fischer Holdem.debug.xcconfig */ = {isa = PBXFileReference; includeInIndex = 1; lastKnownFileType = text.xcconfig; name = "Pods-Fischer Holdem.debug.xcconfig"; path = "Pods/Target Support Files/Pods-Fischer Holdem/Pods-Fischer Holdem.debug.xcconfig"; sourceTree = "<group>"; };
/* End PBXFileReference section */

/* Begin PBXFrameworksBuildPhase section */
		44BA6479203868280037C175 /* Frameworks */ = {
			isa = PBXFrameworksBuildPhase;
			buildActionMask = 2147483647;
			files = (
				491BB7C0D9B0CC69B020C541 /* Pods_Fischer_Holdem.framework in Frameworks */,
			);
			runOnlyForDeploymentPostprocessing = 0;
		};
/* End PBXFrameworksBuildPhase section */

/* Begin PBXGroup section */
		44158C1C20386D02001C9B2E /* View */ = {
			isa = PBXGroup;
			children = (
				442D8111203B5E9B00721554 /* GameOverlay.swift */,
			);
			path = View;
			sourceTree = "<group>";
		};
		44158C1D20386D27001C9B2E /* Model */ = {
			isa = PBXGroup;
			children = (
				44AD36F22038C22700D3A0F8 /* SharedConstants.swift */,
				44AD36EC203873BD00D3A0F8 /* Card.swift */,
				44E2E9B92039C2710084D933 /* Deck.swift */,
				442D8117203BB5CC00721554 /* Chips.swift */,
				446AFA4A203DD0E300EA2434 /* Player.swift */,
				446AFA4C203DD0F600EA2434 /* GameLogic.swift */,
				442292DD2044E802000AEACD /* HandStrength.swift */,
			);
			path = Model;
			sourceTree = "<group>";
		};
		44158C1E20386D2E001C9B2E /* Controller */ = {
			isa = PBXGroup;
			children = (
				44BA6483203868280037C175 /* GameViewController.swift */,
				4418BF2C203DAC7E00125819 /* testViewController.swift */,
				443E7C9B204F44810037B6CA /* LoginViewController.swift */,
			);
			path = Controller;
			sourceTree = "<group>";
		};
		44BA6473203868280037C175 = {
			isa = PBXGroup;
			children = (
				446AFA59203E385900EA2434 /* Assets.xcassets */,
				44BA647E203868280037C175 /* Fischer Holdem */,
				44BA647D203868280037C175 /* Products */,
				E8C2F4BB6377A8D234D071C6 /* Pods */,
				6869308FA04B1E04093FC6BD /* Frameworks */,
			);
			sourceTree = "<group>";
			usesTabs = 0;
		};
		44BA647D203868280037C175 /* Products */ = {
			isa = PBXGroup;
			children = (
				44BA647C203868280037C175 /* Fischer Holdem.app */,
			);
			name = Products;
			sourceTree = "<group>";
		};
		44BA647E203868280037C175 /* Fischer Holdem */ = {
			isa = PBXGroup;
			children = (
				441F9439204F81A9004CB6AC /* Fischer Holdem.entitlements */,
				44158C1E20386D2E001C9B2E /* Controller */,
				44158C1D20386D27001C9B2E /* Model */,
				44158C1C20386D02001C9B2E /* View */,
				44BA647F203868280037C175 /* AppDelegate.swift */,
				441F9437204F4BFF004CB6AC /* GoogleService-Info.plist */,
				44158C1F20386DDD001C9B2E /* Images.xcassets */,
				44BA6481203868280037C175 /* art.scnassets */,
				44BA6485203868280037C175 /* Main.storyboard */,
				44BA6488203868280037C175 /* Assets.xcassets */,
				44BA648A203868280037C175 /* LaunchScreen.storyboard */,
				44BA648D203868280037C175 /* Info.plist */,
			);
			path = "Fischer Holdem";
			sourceTree = "<group>";
		};
		6869308FA04B1E04093FC6BD /* Frameworks */ = {
			isa = PBXGroup;
			children = (
				9C8F9B6460323DDF355192C7 /* Pods_Fischer_Holdem.framework */,
			);
			name = Frameworks;
			sourceTree = "<group>";
		};
		E8C2F4BB6377A8D234D071C6 /* Pods */ = {
			isa = PBXGroup;
			children = (
				F2E68875C6C18EF6A5BAFA1C /* Pods-Fischer Holdem.debug.xcconfig */,
				DCA094C7FB82EB6A5339D051 /* Pods-Fischer Holdem.release.xcconfig */,
			);
			name = Pods;
			sourceTree = "<group>";
		};
/* End PBXGroup section */

/* Begin PBXNativeTarget section */
		44BA647B203868280037C175 /* Fischer Holdem */ = {
			isa = PBXNativeTarget;
			buildConfigurationList = 44BA6490203868280037C175 /* Build configuration list for PBXNativeTarget "Fischer Holdem" */;
			buildPhases = (
				300498E2B483E258FABFB99F /* [CP] Check Pods Manifest.lock */,
				44BA6478203868280037C175 /* Sources */,
				44BA6479203868280037C175 /* Frameworks */,
				44BA647A203868280037C175 /* Resources */,
				BFAC0F4CF0077918D7BB957C /* [CP] Embed Pods Frameworks */,
				512FC52C4C05EFCD1E5A46FF /* [CP] Copy Pods Resources */,
				444AAA06204E548700BAFB18 /* ShellScript */,
			);
			buildRules = (
			);
			dependencies = (
			);
			name = "Fischer Holdem";
			productName = "Fischer Holdem";
			productReference = 44BA647C203868280037C175 /* Fischer Holdem.app */;
			productType = "com.apple.product-type.application";
		};
/* End PBXNativeTarget section */

/* Begin PBXProject section */
		44BA6474203868280037C175 /* Project object */ = {
			isa = PBXProject;
			attributes = {
				KnownAssetTags = (
					Spinner,
				);
				LastSwiftUpdateCheck = 0920;
				LastUpgradeCheck = 0920;
				ORGANIZATIONNAME = "Urbut Corp.";
				TargetAttributes = {
					44BA647B203868280037C175 = {
						CreatedOnToolsVersion = 9.2;
						ProvisioningStyle = Automatic;
						SystemCapabilities = {
							com.apple.Keychain = {
								enabled = 1;
							};
						};
					};
				};
			};
			buildConfigurationList = 44BA6477203868280037C175 /* Build configuration list for PBXProject "Fischer Holdem" */;
			compatibilityVersion = "Xcode 8.0";
			developmentRegion = en;
			hasScannedForEncodings = 0;
			knownRegions = (
				en,
				Base,
			);
			mainGroup = 44BA6473203868280037C175;
			productRefGroup = 44BA647D203868280037C175 /* Products */;
			projectDirPath = "";
			projectRoot = "";
			targets = (
				44BA647B203868280037C175 /* Fischer Holdem */,
			);
		};
/* End PBXProject section */

/* Begin PBXResourcesBuildPhase section */
		44BA647A203868280037C175 /* Resources */ = {
			isa = PBXResourcesBuildPhase;
			buildActionMask = 2147483647;
			files = (
				44BA6482203868280037C175 /* art.scnassets in Resources */,
				44158C2020386DDD001C9B2E /* Images.xcassets in Resources */,
				44BA648C203868280037C175 /* LaunchScreen.storyboard in Resources */,
				44BA6489203868280037C175 /* Assets.xcassets in Resources */,
				446AFA5B203E385900EA2434 /* Assets.xcassets in Resources */,
				44BA6487203868280037C175 /* Main.storyboard in Resources */,
				441F9438204F4BFF004CB6AC /* GoogleService-Info.plist in Resources */,
			);
			runOnlyForDeploymentPostprocessing = 0;
		};
/* End PBXResourcesBuildPhase section */

/* Begin PBXShellScriptBuildPhase section */
		300498E2B483E258FABFB99F /* [CP] Check Pods Manifest.lock */ = {
			isa = PBXShellScriptBuildPhase;
			buildActionMask = 2147483647;
			files = (
			);
			inputPaths = (
				"${PODS_PODFILE_DIR_PATH}/Podfile.lock",
				"${PODS_ROOT}/Manifest.lock",
			);
			name = "[CP] Check Pods Manifest.lock";
			outputPaths = (
				"$(DERIVED_FILE_DIR)/Pods-Fischer Holdem-checkManifestLockResult.txt",
			);
			runOnlyForDeploymentPostprocessing = 0;
			shellPath = /bin/sh;
			shellScript = "diff \"${PODS_PODFILE_DIR_PATH}/Podfile.lock\" \"${PODS_ROOT}/Manifest.lock\" > /dev/null\nif [ $? != 0 ] ; then\n    # print error to STDERR\n    echo \"error: The sandbox is not in sync with the Podfile.lock. Run 'pod install' or update your CocoaPods installation.\" >&2\n    exit 1\nfi\n# This output is used by Xcode 'outputs' to avoid re-running this script phase.\necho \"SUCCESS\" > \"${SCRIPT_OUTPUT_FILE_0}\"\n";
			showEnvVarsInLog = 0;
		};
		444AAA06204E548700BAFB18 /* ShellScript */ = {
			isa = PBXShellScriptBuildPhase;
			buildActionMask = 2147483647;
			files = (
			);
			inputPaths = (
			);
			outputPaths = (
			);
			runOnlyForDeploymentPostprocessing = 0;
			shellPath = /bin/sh;
			shellScript = "\"${PODS_ROOT}/Fabric/run\"";
		};
		512FC52C4C05EFCD1E5A46FF /* [CP] Copy Pods Resources */ = {
			isa = PBXShellScriptBuildPhase;
			buildActionMask = 2147483647;
			files = (
			);
			inputPaths = (
				"${SRCROOT}/Pods/Target Support Files/Pods-Fischer Holdem/Pods-Fischer Holdem-resources.sh",
				"${PODS_CONFIGURATION_BUILD_DIR}/FirebaseUI/FirebaseAuthUI.bundle",
				"${PODS_CONFIGURATION_BUILD_DIR}/FirebaseUI/FirebaseFacebookAuthUI.bundle",
				"${PODS_CONFIGURATION_BUILD_DIR}/FirebaseUI/FirebaseGoogleAuthUI.bundle",
				"${PODS_CONFIGURATION_BUILD_DIR}/FirebaseUI/FirebasePhoneAuthUI.bundle",
				"${PODS_CONFIGURATION_BUILD_DIR}/FirebaseUI/FirebaseTwitterAuthUI.bundle",
				"${PODS_ROOT}/GoogleSignIn/Resources/GoogleSignIn.bundle",
				"${PODS_ROOT}/TwitterKit/iOS/TwitterKit.framework/Versions/A/Resources/TwitterKitResources.bundle",
			);
			name = "[CP] Copy Pods Resources";
			outputPaths = (
				"${TARGET_BUILD_DIR}/${UNLOCALIZED_RESOURCES_FOLDER_PATH}/FirebaseAuthUI.bundle",
				"${TARGET_BUILD_DIR}/${UNLOCALIZED_RESOURCES_FOLDER_PATH}/FirebaseFacebookAuthUI.bundle",
				"${TARGET_BUILD_DIR}/${UNLOCALIZED_RESOURCES_FOLDER_PATH}/FirebaseGoogleAuthUI.bundle",
				"${TARGET_BUILD_DIR}/${UNLOCALIZED_RESOURCES_FOLDER_PATH}/FirebasePhoneAuthUI.bundle",
				"${TARGET_BUILD_DIR}/${UNLOCALIZED_RESOURCES_FOLDER_PATH}/FirebaseTwitterAuthUI.bundle",
				"${TARGET_BUILD_DIR}/${UNLOCALIZED_RESOURCES_FOLDER_PATH}/GoogleSignIn.bundle",
				"${TARGET_BUILD_DIR}/${UNLOCALIZED_RESOURCES_FOLDER_PATH}/TwitterKitResources.bundle",
			);
			runOnlyForDeploymentPostprocessing = 0;
			shellPath = /bin/sh;
			shellScript = "\"${SRCROOT}/Pods/Target Support Files/Pods-Fischer Holdem/Pods-Fischer Holdem-resources.sh\"\n";
			showEnvVarsInLog = 0;
		};
		BFAC0F4CF0077918D7BB957C /* [CP] Embed Pods Frameworks */ = {
			isa = PBXShellScriptBuildPhase;
			buildActionMask = 2147483647;
			files = (
			);
			inputPaths = (
				"${SRCROOT}/Pods/Target Support Files/Pods-Fischer Holdem/Pods-Fischer Holdem-frameworks.sh",
				"${BUILT_PRODUCTS_DIR}/Bolts/Bolts.framework",
				"${BUILT_PRODUCTS_DIR}/BoringSSL/openssl.framework",
				"${BUILT_PRODUCTS_DIR}/FBSDKCoreKit/FBSDKCoreKit.framework",
				"${BUILT_PRODUCTS_DIR}/FBSDKLoginKit/FBSDKLoginKit.framework",
				"${BUILT_PRODUCTS_DIR}/FBSDKShareKit/FBSDKShareKit.framework",
				"${BUILT_PRODUCTS_DIR}/GTMOAuth2/GTMOAuth2.framework",
				"${BUILT_PRODUCTS_DIR}/GTMSessionFetcher/GTMSessionFetcher.framework",
				"${BUILT_PRODUCTS_DIR}/GoogleToolboxForMac/GoogleToolboxForMac.framework",
				"${BUILT_PRODUCTS_DIR}/Protobuf/Protobuf.framework",
				"${BUILT_PRODUCTS_DIR}/SDWebImage/SDWebImage.framework",
				"${BUILT_PRODUCTS_DIR}/gRPC/GRPCClient.framework",
				"${BUILT_PRODUCTS_DIR}/gRPC-Core/grpc.framework",
				"${BUILT_PRODUCTS_DIR}/gRPC-ProtoRPC/ProtoRPC.framework",
				"${BUILT_PRODUCTS_DIR}/gRPC-RxLibrary/RxLibrary.framework",
				"${BUILT_PRODUCTS_DIR}/leveldb-library/leveldb.framework",
				"${BUILT_PRODUCTS_DIR}/nanopb/nanopb.framework",
			);
			name = "[CP] Embed Pods Frameworks";
			outputPaths = (
				"${TARGET_BUILD_DIR}/${FRAMEWORKS_FOLDER_PATH}/Bolts.framework",
				"${TARGET_BUILD_DIR}/${FRAMEWORKS_FOLDER_PATH}/openssl.framework",
				"${TARGET_BUILD_DIR}/${FRAMEWORKS_FOLDER_PATH}/FBSDKCoreKit.framework",
				"${TARGET_BUILD_DIR}/${FRAMEWORKS_FOLDER_PATH}/FBSDKLoginKit.framework",
				"${TARGET_BUILD_DIR}/${FRAMEWORKS_FOLDER_PATH}/FBSDKShareKit.framework",
				"${TARGET_BUILD_DIR}/${FRAMEWORKS_FOLDER_PATH}/GTMOAuth2.framework",
				"${TARGET_BUILD_DIR}/${FRAMEWORKS_FOLDER_PATH}/GTMSessionFetcher.framework",
				"${TARGET_BUILD_DIR}/${FRAMEWORKS_FOLDER_PATH}/GoogleToolboxForMac.framework",
				"${TARGET_BUILD_DIR}/${FRAMEWORKS_FOLDER_PATH}/Protobuf.framework",
				"${TARGET_BUILD_DIR}/${FRAMEWORKS_FOLDER_PATH}/SDWebImage.framework",
				"${TARGET_BUILD_DIR}/${FRAMEWORKS_FOLDER_PATH}/GRPCClient.framework",
				"${TARGET_BUILD_DIR}/${FRAMEWORKS_FOLDER_PATH}/grpc.framework",
				"${TARGET_BUILD_DIR}/${FRAMEWORKS_FOLDER_PATH}/ProtoRPC.framework",
				"${TARGET_BUILD_DIR}/${FRAMEWORKS_FOLDER_PATH}/RxLibrary.framework",
				"${TARGET_BUILD_DIR}/${FRAMEWORKS_FOLDER_PATH}/leveldb.framework",
				"${TARGET_BUILD_DIR}/${FRAMEWORKS_FOLDER_PATH}/nanopb.framework",
			);
			runOnlyForDeploymentPostprocessing = 0;
			shellPath = /bin/sh;
			shellScript = "\"${SRCROOT}/Pods/Target Support Files/Pods-Fischer Holdem/Pods-Fischer Holdem-frameworks.sh\"\n";
			showEnvVarsInLog = 0;
		};
/* End PBXShellScriptBuildPhase section */

/* Begin PBXSourcesBuildPhase section */
		44BA6478203868280037C175 /* Sources */ = {
			isa = PBXSourcesBuildPhase;
			buildActionMask = 2147483647;
			files = (
				443E7C9C204F44810037B6CA /* LoginViewController.swift in Sources */,
				44E2E9BA2039C2710084D933 /* Deck.swift in Sources */,
				446AFA4D203DD0F600EA2434 /* GameLogic.swift in Sources */,
				442D8112203B5E9B00721554 /* GameOverlay.swift in Sources */,
				442292DE2044E802000AEACD /* HandStrength.swift in Sources */,
				4418BF2D203DAC7E00125819 /* testViewController.swift in Sources */,
				44AD36F32038C22700D3A0F8 /* SharedConstants.swift in Sources */,
				44BA6484203868280037C175 /* GameViewController.swift in Sources */,
				442D8118203BB5CC00721554 /* Chips.swift in Sources */,
				44AD36ED203873BD00D3A0F8 /* Card.swift in Sources */,
				446AFA4B203DD0E300EA2434 /* Player.swift in Sources */,
				44BA6480203868280037C175 /* AppDelegate.swift in Sources */,
			);
			runOnlyForDeploymentPostprocessing = 0;
		};
/* End PBXSourcesBuildPhase section */

/* Begin PBXVariantGroup section */
		44BA6485203868280037C175 /* Main.storyboard */ = {
			isa = PBXVariantGroup;
			children = (
				44BA6486203868280037C175 /* Base */,
			);
			name = Main.storyboard;
			sourceTree = "<group>";
		};
		44BA648A203868280037C175 /* LaunchScreen.storyboard */ = {
			isa = PBXVariantGroup;
			children = (
				44BA648B203868280037C175 /* Base */,
			);
			name = LaunchScreen.storyboard;
			sourceTree = "<group>";
		};
/* End PBXVariantGroup section */

/* Begin XCBuildConfiguration section */
		44BA648E203868280037C175 /* Debug */ = {
			isa = XCBuildConfiguration;
			buildSettings = {
				ALWAYS_SEARCH_USER_PATHS = NO;
				CLANG_ANALYZER_NONNULL = YES;
				CLANG_ANALYZER_NUMBER_OBJECT_CONVERSION = YES_AGGRESSIVE;
				CLANG_CXX_LANGUAGE_STANDARD = "gnu++14";
				CLANG_CXX_LIBRARY = "libc++";
				CLANG_ENABLE_MODULES = YES;
				CLANG_ENABLE_OBJC_ARC = YES;
				CLANG_WARN_BLOCK_CAPTURE_AUTORELEASING = YES;
				CLANG_WARN_BOOL_CONVERSION = YES;
				CLANG_WARN_COMMA = YES;
				CLANG_WARN_CONSTANT_CONVERSION = YES;
				CLANG_WARN_DIRECT_OBJC_ISA_USAGE = YES_ERROR;
				CLANG_WARN_DOCUMENTATION_COMMENTS = YES;
				CLANG_WARN_EMPTY_BODY = YES;
				CLANG_WARN_ENUM_CONVERSION = YES;
				CLANG_WARN_INFINITE_RECURSION = YES;
				CLANG_WARN_INT_CONVERSION = YES;
				CLANG_WARN_NON_LITERAL_NULL_CONVERSION = YES;
				CLANG_WARN_OBJC_LITERAL_CONVERSION = YES;
				CLANG_WARN_OBJC_ROOT_CLASS = YES_ERROR;
				CLANG_WARN_RANGE_LOOP_ANALYSIS = YES;
				CLANG_WARN_STRICT_PROTOTYPES = YES;
				CLANG_WARN_SUSPICIOUS_MOVE = YES;
				CLANG_WARN_UNGUARDED_AVAILABILITY = YES_AGGRESSIVE;
				CLANG_WARN_UNREACHABLE_CODE = YES;
				CLANG_WARN__DUPLICATE_METHOD_MATCH = YES;
				CODE_SIGN_IDENTITY = "iPhone Developer";
				COPY_PHASE_STRIP = NO;
				DEBUG_INFORMATION_FORMAT = dwarf;
				ENABLE_STRICT_OBJC_MSGSEND = YES;
				ENABLE_TESTABILITY = YES;
				GCC_C_LANGUAGE_STANDARD = gnu11;
				GCC_DYNAMIC_NO_PIC = NO;
				GCC_NO_COMMON_BLOCKS = YES;
				GCC_OPTIMIZATION_LEVEL = 0;
				GCC_PREPROCESSOR_DEFINITIONS = (
					"DEBUG=1",
					"$(inherited)",
				);
				GCC_WARN_64_TO_32_BIT_CONVERSION = YES;
				GCC_WARN_ABOUT_RETURN_TYPE = YES_ERROR;
				GCC_WARN_UNDECLARED_SELECTOR = YES;
				GCC_WARN_UNINITIALIZED_AUTOS = YES_AGGRESSIVE;
				GCC_WARN_UNUSED_FUNCTION = YES;
				GCC_WARN_UNUSED_VARIABLE = YES;
				IPHONEOS_DEPLOYMENT_TARGET = 11.2;
				MTL_ENABLE_DEBUG_INFO = YES;
				ONLY_ACTIVE_ARCH = YES;
				SDKROOT = iphoneos;
				SWIFT_ACTIVE_COMPILATION_CONDITIONS = DEBUG;
				SWIFT_OPTIMIZATION_LEVEL = "-Onone";
			};
			name = Debug;
		};
		44BA648F203868280037C175 /* Release */ = {
			isa = XCBuildConfiguration;
			buildSettings = {
				ALWAYS_SEARCH_USER_PATHS = NO;
				CLANG_ANALYZER_NONNULL = YES;
				CLANG_ANALYZER_NUMBER_OBJECT_CONVERSION = YES_AGGRESSIVE;
				CLANG_CXX_LANGUAGE_STANDARD = "gnu++14";
				CLANG_CXX_LIBRARY = "libc++";
				CLANG_ENABLE_MODULES = YES;
				CLANG_ENABLE_OBJC_ARC = YES;
				CLANG_WARN_BLOCK_CAPTURE_AUTORELEASING = YES;
				CLANG_WARN_BOOL_CONVERSION = YES;
				CLANG_WARN_COMMA = YES;
				CLANG_WARN_CONSTANT_CONVERSION = YES;
				CLANG_WARN_DIRECT_OBJC_ISA_USAGE = YES_ERROR;
				CLANG_WARN_DOCUMENTATION_COMMENTS = YES;
				CLANG_WARN_EMPTY_BODY = YES;
				CLANG_WARN_ENUM_CONVERSION = YES;
				CLANG_WARN_INFINITE_RECURSION = YES;
				CLANG_WARN_INT_CONVERSION = YES;
				CLANG_WARN_NON_LITERAL_NULL_CONVERSION = YES;
				CLANG_WARN_OBJC_LITERAL_CONVERSION = YES;
				CLANG_WARN_OBJC_ROOT_CLASS = YES_ERROR;
				CLANG_WARN_RANGE_LOOP_ANALYSIS = YES;
				CLANG_WARN_STRICT_PROTOTYPES = YES;
				CLANG_WARN_SUSPICIOUS_MOVE = YES;
				CLANG_WARN_UNGUARDED_AVAILABILITY = YES_AGGRESSIVE;
				CLANG_WARN_UNREACHABLE_CODE = YES;
				CLANG_WARN__DUPLICATE_METHOD_MATCH = YES;
				CODE_SIGN_IDENTITY = "iPhone Developer";
				COPY_PHASE_STRIP = NO;
				DEBUG_INFORMATION_FORMAT = "dwarf-with-dsym";
				ENABLE_NS_ASSERTIONS = NO;
				ENABLE_STRICT_OBJC_MSGSEND = YES;
				GCC_C_LANGUAGE_STANDARD = gnu11;
				GCC_NO_COMMON_BLOCKS = YES;
				GCC_WARN_64_TO_32_BIT_CONVERSION = YES;
				GCC_WARN_ABOUT_RETURN_TYPE = YES_ERROR;
				GCC_WARN_UNDECLARED_SELECTOR = YES;
				GCC_WARN_UNINITIALIZED_AUTOS = YES_AGGRESSIVE;
				GCC_WARN_UNUSED_FUNCTION = YES;
				GCC_WARN_UNUSED_VARIABLE = YES;
				IPHONEOS_DEPLOYMENT_TARGET = 11.2;
				MTL_ENABLE_DEBUG_INFO = NO;
				SDKROOT = iphoneos;
				SWIFT_OPTIMIZATION_LEVEL = "-Owholemodule";
				VALIDATE_PRODUCT = YES;
			};
			name = Release;
		};
		44BA6491203868280037C175 /* Debug */ = {
			isa = XCBuildConfiguration;
			baseConfigurationReference = F2E68875C6C18EF6A5BAFA1C /* Pods-Fischer Holdem.debug.xcconfig */;
			buildSettings = {
				ASSETCATALOG_COMPILER_APPICON_NAME = AppIcon;
				CODE_SIGN_ENTITLEMENTS = "Fischer Holdem/Fischer Holdem.entitlements";
				CODE_SIGN_STYLE = Automatic;
				DEVELOPMENT_TEAM = Y56785BWW4;
				INFOPLIST_FILE = "Fischer Holdem/Info.plist";
				LD_RUNPATH_SEARCH_PATHS = "$(inherited) @executable_path/Frameworks";
				PRODUCT_BUNDLE_IDENTIFIER = "ee.urbut.Fischer-Holdem";
				PRODUCT_NAME = "$(TARGET_NAME)";
				SWIFT_VERSION = 4.0;
				TARGETED_DEVICE_FAMILY = "1,2";
			};
			name = Debug;
		};
		44BA6492203868280037C175 /* Release */ = {
			isa = XCBuildConfiguration;
			baseConfigurationReference = DCA094C7FB82EB6A5339D051 /* Pods-Fischer Holdem.release.xcconfig */;
			buildSettings = {
				ASSETCATALOG_COMPILER_APPICON_NAME = AppIcon;
				CODE_SIGN_ENTITLEMENTS = "Fischer Holdem/Fischer Holdem.entitlements";
				CODE_SIGN_STYLE = Automatic;
				DEVELOPMENT_TEAM = Y56785BWW4;
				INFOPLIST_FILE = "Fischer Holdem/Info.plist";
				LD_RUNPATH_SEARCH_PATHS = "$(inherited) @executable_path/Frameworks";
				PRODUCT_BUNDLE_IDENTIFIER = "ee.urbut.Fischer-Holdem";
				PRODUCT_NAME = "$(TARGET_NAME)";
				SWIFT_VERSION = 4.0;
				TARGETED_DEVICE_FAMILY = "1,2";
			};
			name = Release;
		};
/* End XCBuildConfiguration section */

/* Begin XCConfigurationList section */
		44BA6477203868280037C175 /* Build configuration list for PBXProject "Fischer Holdem" */ = {
			isa = XCConfigurationList;
			buildConfigurations = (
				44BA648E203868280037C175 /* Debug */,
				44BA648F203868280037C175 /* Release */,
			);
			defaultConfigurationIsVisible = 0;
			defaultConfigurationName = Release;
		};
		44BA6490203868280037C175 /* Build configuration list for PBXNativeTarget "Fischer Holdem" */ = {
			isa = XCConfigurationList;
			buildConfigurations = (
				44BA6491203868280037C175 /* Debug */,
				44BA6492203868280037C175 /* Release */,
			);
			defaultConfigurationIsVisible = 0;
			defaultConfigurationName = Release;
		};
/* End XCConfigurationList section */
	};
	rootObject = 44BA6474203868280037C175 /* Project object */;
}
